
Microsoft Visual Studio Solution File, Format Version 12.00
# Visual Studio Version 17
VisualStudioVersion = 17.13.35919.96 d17.13
MinimumVisualStudioVersion = 10.0.40219.1
Project("{FAE04EC0-301F-11D3-BF4B-00C04F79EFBC}") = "Solution_By_Ossama", "Solution_By_Ossama\Solution_By_Ossama.csproj", "{A36D2B4D-3EDC-4752-BFED-B2BB0D341565}"
EndProject
Global
	GlobalSection(SolutionConfigurationPlatforms) = preSolution
		Debug|Any CPU = Debug|Any CPU
		Release|Any CPU = Release|Any CPU
	EndGlobalSection
	GlobalSection(ProjectConfigurationPlatforms) = postSolution
		{A36D2B4D-3EDC-4752-BFED-B2BB0D341565}.Debug|Any CPU.ActiveCfg = Debug|Any CPU
		{A36D2B4D-3EDC-4752-BFED-B2BB0D341565}.Debug|Any CPU.Build.0 = Debug|Any CPU
		{A36D2B4D-3EDC-4752-BFED-B2BB0D341565}.Release|Any CPU.ActiveCfg = Release|Any CPU
		{A36D2B4D-3EDC-4752-BFED-B2BB0D341565}.Release|Any CPU.Build.0 = Release|Any CPU
	EndGlobalSection
	GlobalSection(SolutionProperties) = preSolution
		HideSolutionNode = FALSE
	EndGlobalSection
	GlobalSection(ExtensibilityGlobals) = postSolution
		SolutionGuid = {2360F76B-EB6A-48C8-8127-620DC2178F08}
	EndGlobalSection
EndGlobal
